
Microsoft Visual Studio Solution File, Format Version 12.00
# Visual Studio Version 17
VisualStudioVersion = 17.13.35919.96 d17.13
MinimumVisualStudioVersion = 10.0.40219.1
Project("{FAE04EC0-301F-11D3-BF4B-00C04F79EFBC}") = "ExamPrep1", "ExamPrep1\ExamPrep1.csproj", "{9A4EEA11-8CB1-4702-8D0E-F685A94F8434}"
EndProject
Global
	GlobalSection(SolutionConfigurationPlatforms) = preSolution
		Debug|Any CPU = Debug|Any CPU
		Release|Any CPU = Release|Any CPU
	EndGlobalSection
	GlobalSection(ProjectConfigurationPlatforms) = postSolution
		{9A4EEA11-8CB1-4702-8D0E-F685A94F8434}.Debug|Any CPU.ActiveCfg = Debug|Any CPU
		{9A4EEA11-8CB1-4702-8D0E-F685A94F8434}.Debug|Any CPU.Build.0 = Debug|Any CPU
		{9A4EEA11-8CB1-4702-8D0E-F685A94F8434}.Release|Any CPU.ActiveCfg = Release|Any CPU
		{9A4EEA11-8CB1-4702-8D0E-F685A94F8434}.Release|Any CPU.Build.0 = Release|Any CPU
	EndGlobalSection
	GlobalSection(SolutionProperties) = preSolution
		HideSolutionNode = FALSE
	EndGlobalSection
	GlobalSection(ExtensibilityGlobals) = postSolution
		SolutionGuid = {E83B9679-75AD-4205-A529-9F12396C946E}
	EndGlobalSection
EndGlobal
